
Microsoft Visual Studio Solution File, Format Version 12.00
# Visual Studio Version 16
VisualStudioVersion = 16.0.31321.278
MinimumVisualStudioVersion = 10.0.40219.1
Project("{FAE04EC0-301F-11D3-BF4B-00C04F79EFBC}") = "abcMarket", "abcMarket\abcMarket.csproj", "{5E148248-9AF8-4F1E-94B2-C901CEAC410D}"
EndProject
Global
	GlobalSection(SolutionConfigurationPlatforms) = preSolution
		Debug|Any CPU = Debug|Any CPU
		Release|Any CPU = Release|Any CPU
	EndGlobalSection
	GlobalSection(ProjectConfigurationPlatforms) = postSolution
		{5E148248-9AF8-4F1E-94B2-C901CEAC410D}.Debug|Any CPU.ActiveCfg = Debug|Any CPU
		{5E148248-9AF8-4F1E-94B2-C901CEAC410D}.Debug|Any CPU.Build.0 = Debug|Any CPU
		{5E148248-9AF8-4F1E-94B2-C901CEAC410D}.Release|Any CPU.ActiveCfg = Release|Any CPU
		{5E148248-9AF8-4F1E-94B2-C901CEAC410D}.Release|Any CPU.Build.0 = Release|Any CPU
	EndGlobalSection
	GlobalSection(SolutionProperties) = preSolution
		HideSolutionNode = FALSE
	EndGlobalSection
	GlobalSection(ExtensibilityGlobals) = postSolution
		SolutionGuid = {1B311264-B474-4C53-BC16-AAB0F26C5F79}
	EndGlobalSection
EndGlobal
